
Microsoft Visual Studio Solution File, Format Version 12.00
# Visual Studio 15
VisualStudioVersion = 15.0.28307.136
MinimumVisualStudioVersion = 10.0.40219.1
Project("{FAE04EC0-301F-11D3-BF4B-00C04F79EFBC}") = "Salle", "Salle\Salle.csproj", "{070E7AF6-930D-4285-A771-1C35B11063F0}"
EndProject
Project("{9A19103F-16F7-4668-BE54-9A1E7A4F7556}") = "ControllerSimulation", "ControllerSimulation\ControllerSimulation.csproj", "{A4D2B402-6095-4CA4-8762-AC8C503D1205}"
EndProject
Project("{9A19103F-16F7-4668-BE54-9A1E7A4F7556}") = "ControllerSupervision", "ControllerSupervision\ControllerSupervision.csproj", "{75D8F0E3-4C7C-4442-9466-8EEE636D32B1}"
EndProject
Project("{9A19103F-16F7-4668-BE54-9A1E7A4F7556}") = "Model", "Model\Model.csproj", "{6B998273-E7B3-45C0-A841-B98445D1BBC9}"
EndProject
Project("{9A19103F-16F7-4668-BE54-9A1E7A4F7556}") = "View", "View\View.csproj", "{F1EF52D6-0FB7-451D-911B-E365FAC2195B}"
EndProject
Project("{FAE04EC0-301F-11D3-BF4B-00C04F79EFBC}") = "ViewWin", "WindowsFormsApp1\ViewWin.csproj", "{8A0B00CF-097F-411A-8232-F7DEEEDA54FB}"
EndProject
Project("{FAE04EC0-301F-11D3-BF4B-00C04F79EFBC}") = "UnitTestProject1", "UnitTestProject1\UnitTestProject1.csproj", "{83C219EE-F25F-4B45-B744-5FF793E3B242}"
EndProject
Global
	GlobalSection(SolutionConfigurationPlatforms) = preSolution
		Debug|Any CPU = Debug|Any CPU
		Release|Any CPU = Release|Any CPU
	EndGlobalSection
	GlobalSection(ProjectConfigurationPlatforms) = postSolution
		{070E7AF6-930D-4285-A771-1C35B11063F0}.Debug|Any CPU.ActiveCfg = Debug|Any CPU
		{070E7AF6-930D-4285-A771-1C35B11063F0}.Debug|Any CPU.Build.0 = Debug|Any CPU
		{070E7AF6-930D-4285-A771-1C35B11063F0}.Release|Any CPU.ActiveCfg = Release|Any CPU
		{070E7AF6-930D-4285-A771-1C35B11063F0}.Release|Any CPU.Build.0 = Release|Any CPU
		{A4D2B402-6095-4CA4-8762-AC8C503D1205}.Debug|Any CPU.ActiveCfg = Debug|Any CPU
		{A4D2B402-6095-4CA4-8762-AC8C503D1205}.Debug|Any CPU.Build.0 = Debug|Any CPU
		{A4D2B402-6095-4CA4-8762-AC8C503D1205}.Release|Any CPU.ActiveCfg = Release|Any CPU
		{A4D2B402-6095-4CA4-8762-AC8C503D1205}.Release|Any CPU.Build.0 = Release|Any CPU
		{75D8F0E3-4C7C-4442-9466-8EEE636D32B1}.Debug|Any CPU.ActiveCfg = Debug|Any CPU
		{75D8F0E3-4C7C-4442-9466-8EEE636D32B1}.Debug|Any CPU.Build.0 = Debug|Any CPU
		{75D8F0E3-4C7C-4442-9466-8EEE636D32B1}.Release|Any CPU.ActiveCfg = Release|Any CPU
		{75D8F0E3-4C7C-4442-9466-8EEE636D32B1}.Release|Any CPU.Build.0 = Release|Any CPU
		{6B998273-E7B3-45C0-A841-B98445D1BBC9}.Debug|Any CPU.ActiveCfg = Debug|Any CPU
		{6B998273-E7B3-45C0-A841-B98445D1BBC9}.Debug|Any CPU.Build.0 = Debug|Any CPU
		{6B998273-E7B3-45C0-A841-B98445D1BBC9}.Release|Any CPU.ActiveCfg = Release|Any CPU
		{6B998273-E7B3-45C0-A841-B98445D1BBC9}.Release|Any CPU.Build.0 = Release|Any CPU
		{F1EF52D6-0FB7-451D-911B-E365FAC2195B}.Debug|Any CPU.ActiveCfg = Debug|Any CPU
		{F1EF52D6-0FB7-451D-911B-E365FAC2195B}.Debug|Any CPU.Build.0 = Debug|Any CPU
		{F1EF52D6-0FB7-451D-911B-E365FAC2195B}.Release|Any CPU.ActiveCfg = Release|Any CPU
		{F1EF52D6-0FB7-451D-911B-E365FAC2195B}.Release|Any CPU.Build.0 = Release|Any CPU
		{8A0B00CF-097F-411A-8232-F7DEEEDA54FB}.Debug|Any CPU.ActiveCfg = Debug|Any CPU
		{8A0B00CF-097F-411A-8232-F7DEEEDA54FB}.Debug|Any CPU.Build.0 = Debug|Any CPU
		{8A0B00CF-097F-411A-8232-F7DEEEDA54FB}.Release|Any CPU.ActiveCfg = Release|Any CPU
		{8A0B00CF-097F-411A-8232-F7DEEEDA54FB}.Release|Any CPU.Build.0 = Release|Any CPU
		{83C219EE-F25F-4B45-B744-5FF793E3B242}.Debug|Any CPU.ActiveCfg = Debug|Any CPU
		{83C219EE-F25F-4B45-B744-5FF793E3B242}.Debug|Any CPU.Build.0 = Debug|Any CPU
		{83C219EE-F25F-4B45-B744-5FF793E3B242}.Release|Any CPU.ActiveCfg = Release|Any CPU
		{83C219EE-F25F-4B45-B744-5FF793E3B242}.Release|Any CPU.Build.0 = Release|Any CPU
	EndGlobalSection
	GlobalSection(SolutionProperties) = preSolution
		HideSolutionNode = FALSE
	EndGlobalSection
	GlobalSection(ExtensibilityGlobals) = postSolution
		SolutionGuid = {D7876BEF-5832-4D81-9071-D15E609F40C2}
	EndGlobalSection
EndGlobal
