
Microsoft Visual Studio Solution File, Format Version 12.00
# Visual Studio 14
VisualStudioVersion = 14.0.25420.1
MinimumVisualStudioVersion = 10.0.40219.1
Project("{FAE04EC0-301F-11D3-BF4B-00C04F79EFBC}") = "SalleRestaurant", "Projet Prog\SalleRestaurant.csproj", "{F4BBF7A4-12FB-4076-8478-AB320A10E610}"
EndProject
Project("{FAE04EC0-301F-11D3-BF4B-00C04F79EFBC}") = "Cuisine", "Cuisine\Cuisine.csproj", "{BFAAE9AD-90C0-4613-AB23-F68546661934}"
EndProject
Global
	GlobalSection(SolutionConfigurationPlatforms) = preSolution
		Debug|Any CPU = Debug|Any CPU
		Release|Any CPU = Release|Any CPU
	EndGlobalSection
	GlobalSection(ProjectConfigurationPlatforms) = postSolution
		{F4BBF7A4-12FB-4076-8478-AB320A10E610}.Debug|Any CPU.ActiveCfg = Debug|Any CPU
		{F4BBF7A4-12FB-4076-8478-AB320A10E610}.Debug|Any CPU.Build.0 = Debug|Any CPU
		{F4BBF7A4-12FB-4076-8478-AB320A10E610}.Release|Any CPU.ActiveCfg = Release|Any CPU
		{F4BBF7A4-12FB-4076-8478-AB320A10E610}.Release|Any CPU.Build.0 = Release|Any CPU
		{BFAAE9AD-90C0-4613-AB23-F68546661934}.Debug|Any CPU.ActiveCfg = Debug|Any CPU
		{BFAAE9AD-90C0-4613-AB23-F68546661934}.Debug|Any CPU.Build.0 = Debug|Any CPU
		{BFAAE9AD-90C0-4613-AB23-F68546661934}.Release|Any CPU.ActiveCfg = Release|Any CPU
		{BFAAE9AD-90C0-4613-AB23-F68546661934}.Release|Any CPU.Build.0 = Release|Any CPU
	EndGlobalSection
	GlobalSection(SolutionProperties) = preSolution
		HideSolutionNode = FALSE
	EndGlobalSection
EndGlobal
